
Microsoft Visual Studio Solution File, Format Version 12.00
# Visual Studio 15
VisualStudioVersion = 15.0.27703.2047
MinimumVisualStudioVersion = 10.0.40219.1
Project("{FAE04EC0-301F-11D3-BF4B-00C04F79EFBC}") = "Yugioh", "Yugioh\Yugioh.csproj", "{035BC85D-0F1D-4EA5-9DE2-F1B8A4FA31B2}"
EndProject
Global
	GlobalSection(SolutionConfigurationPlatforms) = preSolution
		Debug|x86 = Debug|x86
		Release|x86 = Release|x86
	EndGlobalSection
	GlobalSection(ProjectConfigurationPlatforms) = postSolution
		{035BC85D-0F1D-4EA5-9DE2-F1B8A4FA31B2}.Debug|x86.ActiveCfg = Debug|x86
		{035BC85D-0F1D-4EA5-9DE2-F1B8A4FA31B2}.Debug|x86.Build.0 = Debug|x86
		{035BC85D-0F1D-4EA5-9DE2-F1B8A4FA31B2}.Release|x86.ActiveCfg = Release|x86
		{035BC85D-0F1D-4EA5-9DE2-F1B8A4FA31B2}.Release|x86.Build.0 = Release|x86
	EndGlobalSection
	GlobalSection(SolutionProperties) = preSolution
		HideSolutionNode = FALSE
	EndGlobalSection
	GlobalSection(ExtensibilityGlobals) = postSolution
		SolutionGuid = {409B5611-FE3B-43D1-B434-553490F10B7D}
	EndGlobalSection
EndGlobal
